# @generated by Move, please check-in and do not edit manually.

[move]
version = 3
manifest_digest = "60B5FF65331B004DAA0A5ED361C84A5962ABF4F91A46FE1E009F8B141DF263AE"
deps_digest = "F8BBB0CCB2491CA29A3DF03D6F92277A4F3574266507ACD77214D37ECA3F3082"
dependencies = [
  { id = "Iota", name = "Iota" },
]

[[move.package]]
id = "Iota"
source = { git = "https://github.com/iotaledger/iota.git", rev = "testnet", subdir = "crates/iota-framework/packages/iota-framework" }

dependencies = [
  { id = "MoveStdlib", name = "MoveStdlib" },
]

[[move.package]]
id = "MoveStdlib"
source = { git = "https://github.com/iotaledger/iota.git", rev = "testnet", subdir = "crates/iota-framework/packages/move-stdlib" }

[move.toolchain-version]
compiler-version = "1.4.0-alpha"
edition = "2024.beta"
flavor = "iota"

[env]

[env.local]
chain-id = "7a493baf"
original-published-id = "0xe06639de136d807b251397237370947e6997adda3a2776ac25f7174faf363caf"
latest-published-id = "0xe06639de136d807b251397237370947e6997adda3a2776ac25f7174faf363caf"
published-version = "1"
